// !$*UTF8*$!
{
	archiveVersion = 1;
	classes = {
	};
	objectVersion = 77;
	objects = {

/* Begin PBXContainerItemProxy section */
		92FF9E8A2DB99CBB005BF398 /* PBXContainerItemProxy */ = {
			isa = PBXContainerItemProxy;
			containerPortal = 92FF9E6B2DB99CB8005BF398 /* Project object */;
			proxyType = 1;
			remoteGlobalIDString = 92FF9E722DB99CB8005BF398;
			remoteInfo = "Happy World";
		};
		92FF9E942DB99CBB005BF398 /* PBXContainerItemProxy */ = {
			isa = PBXContainerItemProxy;
			containerPortal = 92FF9E6B2DB99CB8005BF398 /* Project object */;
			proxyType = 1;
			remoteGlobalIDString = 92FF9E722DB99CB8005BF398;
			remoteInfo = "Happy World";
		};
/* End PBXContainerItemProxy section */

/* Begin PBXFileReference section */
		92FF9E732DB99CB8005BF398 /* Happy World.app */ = {isa = PBXFileReference; explicitFileType = wrapper.application; includeInIndex = 0; path = "Happy World.app"; sourceTree = BUILT_PRODUCTS_DIR; };
		92FF9E892DB99CBB005BF398 /* Happy WorldTests.xctest */ = {isa = PBXFileReference; explicitFileType = wrapper.cfbundle; includeInIndex = 0; path = "Happy WorldTests.xctest"; sourceTree = BUILT_PRODUCTS_DIR; };
		92FF9E932DB99CBB005BF398 /* Happy WorldUITests.xctest */ = {isa = PBXFileReference; explicitFileType = wrapper.cfbundle; includeInIndex = 0; path = "Happy WorldUITests.xctest"; sourceTree = BUILT_PRODUCTS_DIR; };
/* End PBXFileReference section */

/* Begin PBXFileSystemSynchronizedBuildFileExceptionSet section */
		92FF9E9B2DB99CBB005BF398 /* Exceptions for "Happy World" folder in "Happy World" target */ = {
			isa = PBXFileSystemSynchronizedBuildFileExceptionSet;
			membershipExceptions = (
				Info.plist,
			);
			target = 92FF9E722DB99CB8005BF398 /* Happy World */;
		};
/* End PBXFileSystemSynchronizedBuildFileExceptionSet section */

/* Begin PBXFileSystemSynchronizedRootGroup section */
		92FF9E752DB99CB8005BF398 /* Happy World */ = {
			isa = PBXFileSystemSynchronizedRootGroup;
			exceptions = (
				92FF9E9B2DB99CBB005BF398 /* Exceptions for "Happy World" folder in "Happy World" target */,
			);
			path = "Happy World";
			sourceTree = "<group>";
		};
		92FF9E8C2DB99CBB005BF398 /* Happy WorldTests */ = {
			isa = PBXFileSystemSynchronizedRootGroup;
			path = "Happy WorldTests";
			sourceTree = "<group>";
		};
		92FF9E962DB99CBB005BF398 /* Happy WorldUITests */ = {
			isa = PBXFileSystemSynchronizedRootGroup;
			path = "Happy WorldUITests";
			sourceTree = "<group>";
		};
/* End PBXFileSystemSynchronizedRootGroup section */

/* Begin PBXFrameworksBuildPhase section */
		92FF9E702DB99CB8005BF398 /* Frameworks */ = {
			isa = PBXFrameworksBuildPhase;
			buildActionMask = 2147483647;
			files = (
			);
			runOnlyForDeploymentPostprocessing = 0;
		};
		92FF9E862DB99CBB005BF398 /* Frameworks */ = {
			isa = PBXFrameworksBuildPhase;
			buildActionMask = 2147483647;
			files = (
			);
			runOnlyForDeploymentPostprocessing = 0;
		};
		92FF9E902DB99CBB005BF398 /* Frameworks */ = {
			isa = PBXFrameworksBuildPhase;
			buildActionMask = 2147483647;
			files = (
			);
			runOnlyForDeploymentPostprocessing = 0;
		};
/* End PBXFrameworksBuildPhase section */

/* Begin PBXGroup section */
		92FF9E6A2DB99CB8005BF398 = {
			isa = PBXGroup;
			children = (
				92FF9E752DB99CB8005BF398 /* Happy World */,
				92FF9E8C2DB99CBB005BF398 /* Happy WorldTests */,
				92FF9E962DB99CBB005BF398 /* Happy WorldUITests */,
				92FF9E742DB99CB8005BF398 /* Products */,
			);
			sourceTree = "<group>";
		};
		92FF9E742DB99CB8005BF398 /* Products */ = {
			isa = PBXGroup;
			children = (
				92FF9E732DB99CB8005BF398 /* Happy World.app */,
				92FF9E892DB99CBB005BF398 /* Happy WorldTests.xctest */,
				92FF9E932DB99CBB005BF398 /* Happy WorldUITests.xctest */,
			);
			name = Products;
			sourceTree = "<group>";
		};
/* End PBXGroup section */

/* Begin PBXNativeTarget section */
		92FF9E722DB99CB8005BF398 /* Happy World */ = {
			isa = PBXNativeTarget;
			buildConfigurationList = 92FF9E9C2DB99CBB005BF398 /* Build configuration list for PBXNativeTarget "Happy World" */;
			buildPhases = (
				92FF9E6F2DB99CB8005BF398 /* Sources */,
				92FF9E702DB99CB8005BF398 /* Frameworks */,
				92FF9E712DB99CB8005BF398 /* Resources */,
			);
			buildRules = (
			);
			dependencies = (
			);
			fileSystemSynchronizedGroups = (
				92FF9E752DB99CB8005BF398 /* Happy World */,
			);
			name = "Happy World";
			packageProductDependencies = (
			);
			productName = "Happy World";
			productReference = 92FF9E732DB99CB8005BF398 /* Happy World.app */;
			productType = "com.apple.product-type.application";
		};
		92FF9E882DB99CBB005BF398 /* Happy WorldTests */ = {
			isa = PBXNativeTarget;
			buildConfigurationList = 92FF9EA12DB99CBB005BF398 /* Build configuration list for PBXNativeTarget "Happy WorldTests" */;
			buildPhases = (
				92FF9E852DB99CBB005BF398 /* Sources */,
				92FF9E862DB99CBB005BF398 /* Frameworks */,
				92FF9E872DB99CBB005BF398 /* Resources */,
			);
			buildRules = (
			);
			dependencies = (
				92FF9E8B2DB99CBB005BF398 /* PBXTargetDependency */,
			);
			fileSystemSynchronizedGroups = (
				92FF9E8C2DB99CBB005BF398 /* Happy WorldTests */,
			);
			name = "Happy WorldTests";
			packageProductDependencies = (
			);
			productName = "Happy WorldTests";
			productReference = 92FF9E892DB99CBB005BF398 /* Happy WorldTests.xctest */;
			productType = "com.apple.product-type.bundle.unit-test";
		};
		92FF9E922DB99CBB005BF398 /* Happy WorldUITests */ = {
			isa = PBXNativeTarget;
			buildConfigurationList = 92FF9EA42DB99CBB005BF398 /* Build configuration list for PBXNativeTarget "Happy WorldUITests" */;
			buildPhases = (
				92FF9E8F2DB99CBB005BF398 /* Sources */,
				92FF9E902DB99CBB005BF398 /* Frameworks */,
				92FF9E912DB99CBB005BF398 /* Resources */,
			);
			buildRules = (
			);
			dependencies = (
				92FF9E952DB99CBB005BF398 /* PBXTargetDependency */,
			);
			fileSystemSynchronizedGroups = (
				92FF9E962DB99CBB005BF398 /* Happy WorldUITests */,
			);
			name = "Happy WorldUITests";
			packageProductDependencies = (
			);
			productName = "Happy WorldUITests";
			productReference = 92FF9E932DB99CBB005BF398 /* Happy WorldUITests.xctest */;
			productType = "com.apple.product-type.bundle.ui-testing";
		};
/* End PBXNativeTarget section */

/* Begin PBXProject section */
		92FF9E6B2DB99CB8005BF398 /* Project object */ = {
			isa = PBXProject;
			attributes = {
				BuildIndependentTargetsInParallel = 1;
				LastSwiftUpdateCheck = 1630;
				LastUpgradeCheck = 1630;
				TargetAttributes = {
					92FF9E722DB99CB8005BF398 = {
						CreatedOnToolsVersion = 16.3;
					};
					92FF9E882DB99CBB005BF398 = {
						CreatedOnToolsVersion = 16.3;
						TestTargetID = 92FF9E722DB99CB8005BF398;
					};
					92FF9E922DB99CBB005BF398 = {
						CreatedOnToolsVersion = 16.3;
						TestTargetID = 92FF9E722DB99CB8005BF398;
					};
				};
			};
			buildConfigurationList = 92FF9E6E2DB99CB8005BF398 /* Build configuration list for PBXProject "Happy World" */;
			developmentRegion = en;
			hasScannedForEncodings = 0;
			knownRegions = (
				en,
				Base,
			);
			mainGroup = 92FF9E6A2DB99CB8005BF398;
			minimizedProjectReferenceProxies = 1;
			preferredProjectObjectVersion = 77;
			productRefGroup = 92FF9E742DB99CB8005BF398 /* Products */;
			projectDirPath = "";
			projectRoot = "";
			targets = (
				92FF9E722DB99CB8005BF398 /* Happy World */,
				92FF9E882DB99CBB005BF398 /* Happy WorldTests */,
				92FF9E922DB99CBB005BF398 /* Happy WorldUITests */,
			);
		};
/* End PBXProject section */

/* Begin PBXResourcesBuildPhase section */
		92FF9E712DB99CB8005BF398 /* Resources */ = {
			isa = PBXResourcesBuildPhase;
			buildActionMask = 2147483647;
			files = (
			);
			runOnlyForDeploymentPostprocessing = 0;
		};
		92FF9E872DB99CBB005BF398 /* Resources */ = {
			isa = PBXResourcesBuildPhase;
			buildActionMask = 2147483647;
			files = (
			);
			runOnlyForDeploymentPostprocessing = 0;
		};
		92FF9E912DB99CBB005BF398 /* Resources */ = {
			isa = PBXResourcesBuildPhase;
			buildActionMask = 2147483647;
			files = (
			);
			runOnlyForDeploymentPostprocessing = 0;
		};
/* End PBXResourcesBuildPhase section */

/* Begin PBXSourcesBuildPhase section */
		92FF9E6F2DB99CB8005BF398 /* Sources */ = {
			isa = PBXSourcesBuildPhase;
			buildActionMask = 2147483647;
			files = (
			);
			runOnlyForDeploymentPostprocessing = 0;
		};
		92FF9E852DB99CBB005BF398 /* Sources */ = {
			isa = PBXSourcesBuildPhase;
			buildActionMask = 2147483647;
			files = (
			);
			runOnlyForDeploymentPostprocessing = 0;
		};
		92FF9E8F2DB99CBB005BF398 /* Sources */ = {
			isa = PBXSourcesBuildPhase;
			buildActionMask = 2147483647;
			files = (
			);
			runOnlyForDeploymentPostprocessing = 0;
		};
/* End PBXSourcesBuildPhase section */

/* Begin PBXTargetDependency section */
		92FF9E8B2DB99CBB005BF398 /* PBXTargetDependency */ = {
			isa = PBXTargetDependency;
			target = 92FF9E722DB99CB8005BF398 /* Happy World */;
			targetProxy = 92FF9E8A2DB99CBB005BF398 /* PBXContainerItemProxy */;
		};
		92FF9E952DB99CBB005BF398 /* PBXTargetDependency */ = {
			isa = PBXTargetDependency;
			target = 92FF9E722DB99CB8005BF398 /* Happy World */;
			targetProxy = 92FF9E942DB99CBB005BF398 /* PBXContainerItemProxy */;
		};
/* End PBXTargetDependency section */

/* Begin XCBuildConfiguration section */
		92FF9E9D2DB99CBB005BF398 /* Debug */ = {
			isa = XCBuildConfiguration;
			buildSettings = {
				ASSETCATALOG_COMPILER_APPICON_NAME = AppIcon;
				ASSETCATALOG_COMPILER_GLOBAL_ACCENT_COLOR_NAME = AccentColor;
				CODE_SIGN_STYLE = Automatic;
				CURRENT_PROJECT_VERSION = 1;
				GENERATE_INFOPLIST_FILE = YES;
				INFOPLIST_FILE = "Happy World/Info.plist";
				INFOPLIST_KEY_UIApplicationSupportsIndirectInputEvents = YES;
				INFOPLIST_KEY_UILaunchStoryboardName = LaunchScreen;
				INFOPLIST_KEY_UIMainStoryboardFile = Main;
				INFOPLIST_KEY_UISupportedInterfaceOrientations_iPad = "UIInterfaceOrientationPortrait UIInterfaceOrientationPortraitUpsideDown UIInterfaceOrientationLandscapeLeft UIInterfaceOrientationLandscapeRight";
				INFOPLIST_KEY_UISupportedInterfaceOrientations_iPhone = "UIInterfaceOrientationPortrait UIInterfaceOrientationLandscapeLeft UIInterfaceOrientationLandscapeRight";
				LD_RUNPATH_SEARCH_PATHS = (
					"$(inherited)",
					"@executable_path/Frameworks",
				);
				MARKETING_VERSION = 1.0;
				PRODUCT_BUNDLE_IDENTIFIER = "com.happyWorld.Happy-World";
				PRODUCT_NAME = "$(TARGET_NAME)";
				SWIFT_EMIT_LOC_STRINGS = YES;
				SWIFT_VERSION = 5.0;
				TARGETED_DEVICE_FAMILY = "1,2";
			};
			name = Debug;
		};
		92FF9E9E2DB99CBB005BF398 /* Release */ = {
			isa = XCBuildConfiguration;
			buildSettings = {
				ASSETCATALOG_COMPILER_APPICON_NAME = AppIcon;
				ASSETCATALOG_COMPILER_GLOBAL_ACCENT_COLOR_NAME = AccentColor;
				CODE_SIGN_STYLE = Automatic;
				CURRENT_PROJECT_VERSION = 1;
				GENERATE_INFOPLIST_FILE = YES;
				INFOPLIST_FILE = "Happy World/Info.plist";
				INFOPLIST_KEY_UIApplicationSupportsIndirectInputEvents = YES;
				INFOPLIST_KEY_UILaunchStoryboardName = LaunchScreen;
				INFOPLIST_KEY_UIMainStoryboardFile = Main;
				INFOPLIST_KEY_UISupportedInterfaceOrientations_iPad = "UIInterfaceOrientationPortrait UIInterfaceOrientationPortraitUpsideDown UIInterfaceOrientationLandscapeLeft UIInterfaceOrientationLandscapeRight";
				INFOPLIST_KEY_UISupportedInterfaceOrientations_iPhone = "UIInterfaceOrientationPortrait UIInterfaceOrientationLandscapeLeft UIInterfaceOrientationLandscapeRight";
				LD_RUNPATH_SEARCH_PATHS = (
					"$(inherited)",
					"@executable_path/Frameworks",
				);
				MARKETING_VERSION = 1.0;
				PRODUCT_BUNDLE_IDENTIFIER = "com.happyWorld.Happy-World";
				PRODUCT_NAME = "$(TARGET_NAME)";
				SWIFT_EMIT_LOC_STRINGS = YES;
				SWIFT_VERSION = 5.0;
				TARGETED_DEVICE_FAMILY = "1,2";
			};
			name = Release;
		};
		92FF9E9F2DB99CBB005BF398 /* Debug */ = {
			isa = XCBuildConfiguration;
			buildSettings = {
				ALWAYS_SEARCH_USER_PATHS = NO;
				ASSETCATALOG_COMPILER_GENERATE_SWIFT_ASSET_SYMBOL_EXTENSIONS = YES;
				CLANG_ANALYZER_NONNULL = YES;
				CLANG_ANALYZER_NUMBER_OBJECT_CONVERSION = YES_AGGRESSIVE;
				CLANG_CXX_LANGUAGE_STANDARD = "gnu++20";
				CLANG_ENABLE_MODULES = YES;
				CLANG_ENABLE_OBJC_ARC = YES;
				CLANG_ENABLE_OBJC_WEAK = YES;
				CLANG_WARN_BLOCK_CAPTURE_AUTORELEASING = YES;
				CLANG_WARN_BOOL_CONVERSION = YES;
				CLANG_WARN_COMMA = YES;
				CLANG_WARN_CONSTANT_CONVERSION = YES;
				CLANG_WARN_DEPRECATED_OBJC_IMPLEMENTATIONS = YES;
				CLANG_WARN_DIRECT_OBJC_ISA_USAGE = YES_ERROR;
				CLANG_WARN_DOCUMENTATION_COMMENTS = YES;
				CLANG_WARN_EMPTY_BODY = YES;
				CLANG_WARN_ENUM_CONVERSION = YES;
				CLANG_WARN_INFINITE_RECURSION = YES;
				CLANG_WARN_INT_CONVERSION = YES;
				CLANG_WARN_NON_LITERAL_NULL_CONVERSION = YES;
				CLANG_WARN_OBJC_IMPLICIT_RETAIN_SELF = YES;
				CLANG_WARN_OBJC_LITERAL_CONVERSION = YES;
				CLANG_WARN_OBJC_ROOT_CLASS = YES_ERROR;
				CLANG_WARN_QUOTED_INCLUDE_IN_FRAMEWORK_HEADER = YES;
				CLANG_WARN_RANGE_LOOP_ANALYSIS = YES;
				CLANG_WARN_STRICT_PROTOTYPES = YES;
				CLANG_WARN_SUSPICIOUS_MOVE = YES;
				CLANG_WARN_UNGUARDED_AVAILABILITY = YES_AGGRESSIVE;
				CLANG_WARN_UNREACHABLE_CODE = YES;
				CLANG_WARN__DUPLICATE_METHOD_MATCH = YES;
				COPY_PHASE_STRIP = NO;
				DEBUG_INFORMATION_FORMAT = dwarf;
				ENABLE_STRICT_OBJC_MSGSEND = YES;
				ENABLE_TESTABILITY = YES;
				ENABLE_USER_SCRIPT_SANDBOXING = YES;
				GCC_C_LANGUAGE_STANDARD = gnu17;
				GCC_DYNAMIC_NO_PIC = NO;
				GCC_NO_COMMON_BLOCKS = YES;
				GCC_OPTIMIZATION_LEVEL = 0;
				GCC_PREPROCESSOR_DEFINITIONS = (
					"DEBUG=1",
					"$(inherited)",
				);
				GCC_WARN_64_TO_32_BIT_CONVERSION = YES;
				GCC_WARN_ABOUT_RETURN_TYPE = YES_ERROR;
				GCC_WARN_UNDECLARED_SELECTOR = YES;
				GCC_WARN_UNINITIALIZED_AUTOS = YES_AGGRESSIVE;
				GCC_WARN_UNUSED_FUNCTION = YES;
				GCC_WARN_UNUSED_VARIABLE = YES;
				IPHONEOS_DEPLOYMENT_TARGET = 18.4;
				LOCALIZATION_PREFERS_STRING_CATALOGS = YES;
				MTL_ENABLE_DEBUG_INFO = INCLUDE_SOURCE;
				MTL_FAST_MATH = YES;
				ONLY_ACTIVE_ARCH = YES;
				SDKROOT = iphoneos;
				SWIFT_ACTIVE_COMPILATION_CONDITIONS = "DEBUG $(inherited)";
				SWIFT_OPTIMIZATION_LEVEL = "-Onone";
			};
			name = Debug;
		};
		92FF9EA02DB99CBB005BF398 /* Release */ = {
			isa = XCBuildConfiguration;
			buildSettings = {
				ALWAYS_SEARCH_USER_PATHS = NO;
				ASSETCATALOG_COMPILER_GENERATE_SWIFT_ASSET_SYMBOL_EXTENSIONS = YES;
				CLANG_ANALYZER_NONNULL = YES;
				CLANG_ANALYZER_NUMBER_OBJECT_CONVERSION = YES_AGGRESSIVE;
				CLANG_CXX_LANGUAGE_STANDARD = "gnu++20";
				CLANG_ENABLE_MODULES = YES;
				CLANG_ENABLE_OBJC_ARC = YES;
				CLANG_ENABLE_OBJC_WEAK = YES;
				CLANG_WARN_BLOCK_CAPTURE_AUTORELEASING = YES;
				CLANG_WARN_BOOL_CONVERSION = YES;
				CLANG_WARN_COMMA = YES;
				CLANG_WARN_CONSTANT_CONVERSION = YES;
				CLANG_WARN_DEPRECATED_OBJC_IMPLEMENTATIONS = YES;
				CLANG_WARN_DIRECT_OBJC_ISA_USAGE = YES_ERROR;
				CLANG_WARN_DOCUMENTATION_COMMENTS = YES;
				CLANG_WARN_EMPTY_BODY = YES;
				CLANG_WARN_ENUM_CONVERSION = YES;
				CLANG_WARN_INFINITE_RECURSION = YES;
				CLANG_WARN_INT_CONVERSION = YES;
				CLANG_WARN_NON_LITERAL_NULL_CONVERSION = YES;
				CLANG_WARN_OBJC_IMPLICIT_RETAIN_SELF = YES;
				CLANG_WARN_OBJC_LITERAL_CONVERSION = YES;
				CLANG_WARN_OBJC_ROOT_CLASS = YES_ERROR;
				CLANG_WARN_QUOTED_INCLUDE_IN_FRAMEWORK_HEADER = YES;
				CLANG_WARN_RANGE_LOOP_ANALYSIS = YES;
				CLANG_WARN_STRICT_PROTOTYPES = YES;
				CLANG_WARN_SUSPICIOUS_MOVE = YES;
				CLANG_WARN_UNGUARDED_AVAILABILITY = YES_AGGRESSIVE;
				CLANG_WARN_UNREACHABLE_CODE = YES;
				CLANG_WARN__DUPLICATE_METHOD_MATCH = YES;
				COPY_PHASE_STRIP = NO;
				DEBUG_INFORMATION_FORMAT = "dwarf-with-dsym";
				ENABLE_NS_ASSERTIONS = NO;
				ENABLE_STRICT_OBJC_MSGSEND = YES;
				ENABLE_USER_SCRIPT_SANDBOXING = YES;
				GCC_C_LANGUAGE_STANDARD = gnu17;
				GCC_NO_COMMON_BLOCKS = YES;
				GCC_WARN_64_TO_32_BIT_CONVERSION = YES;
				GCC_WARN_ABOUT_RETURN_TYPE = YES_ERROR;
				GCC_WARN_UNDECLARED_SELECTOR = YES;
				GCC_WARN_UNINITIALIZED_AUTOS = YES_AGGRESSIVE;
				GCC_WARN_UNUSED_FUNCTION = YES;
				GCC_WARN_UNUSED_VARIABLE = YES;
				IPHONEOS_DEPLOYMENT_TARGET = 18.4;
				LOCALIZATION_PREFERS_STRING_CATALOGS = YES;
				MTL_ENABLE_DEBUG_INFO = NO;
				MTL_FAST_MATH = YES;
				SDKROOT = iphoneos;
				SWIFT_COMPILATION_MODE = wholemodule;
				VALIDATE_PRODUCT = YES;
			};
			name = Release;
		};
		92FF9EA22DB99CBB005BF398 /* Debug */ = {
			isa = XCBuildConfiguration;
			buildSettings = {
				BUNDLE_LOADER = "$(TEST_HOST)";
				CODE_SIGN_STYLE = Automatic;
				CURRENT_PROJECT_VERSION = 1;
				GENERATE_INFOPLIST_FILE = YES;
				IPHONEOS_DEPLOYMENT_TARGET = 18.4;
				MARKETING_VERSION = 1.0;
				PRODUCT_BUNDLE_IDENTIFIER = "com.happyWorld.Happy-WorldTests";
				PRODUCT_NAME = "$(TARGET_NAME)";
				SWIFT_EMIT_LOC_STRINGS = NO;
				SWIFT_VERSION = 5.0;
				TARGETED_DEVICE_FAMILY = "1,2";
				TEST_HOST = "$(BUILT_PRODUCTS_DIR)/Happy World.app/$(BUNDLE_EXECUTABLE_FOLDER_PATH)/Happy World";
			};
			name = Debug;
		};
		92FF9EA32DB99CBB005BF398 /* Release */ = {
			isa = XCBuildConfiguration;
			buildSettings = {
				BUNDLE_LOADER = "$(TEST_HOST)";
				CODE_SIGN_STYLE = Automatic;
				CURRENT_PROJECT_VERSION = 1;
				GENERATE_INFOPLIST_FILE = YES;
				IPHONEOS_DEPLOYMENT_TARGET = 18.4;
				MARKETING_VERSION = 1.0;
				PRODUCT_BUNDLE_IDENTIFIER = "com.happyWorld.Happy-WorldTests";
				PRODUCT_NAME = "$(TARGET_NAME)";
				SWIFT_EMIT_LOC_STRINGS = NO;
				SWIFT_VERSION = 5.0;
				TARGETED_DEVICE_FAMILY = "1,2";
				TEST_HOST = "$(BUILT_PRODUCTS_DIR)/Happy World.app/$(BUNDLE_EXECUTABLE_FOLDER_PATH)/Happy World";
			};
			name = Release;
		};
		92FF9EA52DB99CBB005BF398 /* Debug */ = {
			isa = XCBuildConfiguration;
			buildSettings = {
				CODE_SIGN_STYLE = Automatic;
				CURRENT_PROJECT_VERSION = 1;
				GENERATE_INFOPLIST_FILE = YES;
				MARKETING_VERSION = 1.0;
				PRODUCT_BUNDLE_IDENTIFIER = "com.happyWorld.Happy-WorldUITests";
				PRODUCT_NAME = "$(TARGET_NAME)";
				SWIFT_EMIT_LOC_STRINGS = NO;
				SWIFT_VERSION = 5.0;
				TARGETED_DEVICE_FAMILY = "1,2";
				TEST_TARGET_NAME = "Happy World";
			};
			name = Debug;
		};
		92FF9EA62DB99CBB005BF398 /* Release */ = {
			isa = XCBuildConfiguration;
			buildSettings = {
				CODE_SIGN_STYLE = Automatic;
				CURRENT_PROJECT_VERSION = 1;
				GENERATE_INFOPLIST_FILE = YES;
				MARKETING_VERSION = 1.0;
				PRODUCT_BUNDLE_IDENTIFIER = "com.happyWorld.Happy-WorldUITests";
				PRODUCT_NAME = "$(TARGET_NAME)";
				SWIFT_EMIT_LOC_STRINGS = NO;
				SWIFT_VERSION = 5.0;
				TARGETED_DEVICE_FAMILY = "1,2";
				TEST_TARGET_NAME = "Happy World";
			};
			name = Release;
		};
/* End XCBuildConfiguration section */

/* Begin XCConfigurationList section */
		92FF9E6E2DB99CB8005BF398 /* Build configuration list for PBXProject "Happy World" */ = {
			isa = XCConfigurationList;
			buildConfigurations = (
				92FF9E9F2DB99CBB005BF398 /* Debug */,
				92FF9EA02DB99CBB005BF398 /* Release */,
			);
			defaultConfigurationIsVisible = 0;
			defaultConfigurationName = Release;
		};
		92FF9E9C2DB99CBB005BF398 /* Build configuration list for PBXNativeTarget "Happy World" */ = {
			isa = XCConfigurationList;
			buildConfigurations = (
				92FF9E9D2DB99CBB005BF398 /* Debug */,
				92FF9E9E2DB99CBB005BF398 /* Release */,
			);
			defaultConfigurationIsVisible = 0;
			defaultConfigurationName = Release;
		};
		92FF9EA12DB99CBB005BF398 /* Build configuration list for PBXNativeTarget "Happy WorldTests" */ = {
			isa = XCConfigurationList;
			buildConfigurations = (
				92FF9EA22DB99CBB005BF398 /* Debug */,
				92FF9EA32DB99CBB005BF398 /* Release */,
			);
			defaultConfigurationIsVisible = 0;
			defaultConfigurationName = Release;
		};
		92FF9EA42DB99CBB005BF398 /* Build configuration list for PBXNativeTarget "Happy WorldUITests" */ = {
			isa = XCConfigurationList;
			buildConfigurations = (
				92FF9EA52DB99CBB005BF398 /* Debug */,
				92FF9EA62DB99CBB005BF398 /* Release */,
			);
			defaultConfigurationIsVisible = 0;
			defaultConfigurationName = Release;
		};
/* End XCConfigurationList section */
	};
	rootObject = 92FF9E6B2DB99CB8005BF398 /* Project object */;
}
